
Microsoft Visual Studio Solution File, Format Version 12.00
# Visual Studio Version 17
VisualStudioVersion = 17.4.33205.214
MinimumVisualStudioVersion = 10.0.40219.1
Project("{FAE04EC0-301F-11D3-BF4B-00C04F79EFBC}") = "HangfireDistribuido.Web", "HangfireDistribuido.Web\HangfireDistribuido.Web.csproj", "{AD8B5EB6-B3F6-402D-9EFF-C85AB820D928}"
EndProject
Project("{2150E333-8FDC-42A3-9474-1A3956D46DE8}") = "Solution Items", "Solution Items", "{9C1FBB1C-0D86-455F-9857-FA8F9152508D}"
	ProjectSection(SolutionItems) = preProject
		docker-compose.yaml = docker-compose.yaml
	EndProjectSection
EndProject
Project("{FAE04EC0-301F-11D3-BF4B-00C04F79EFBC}") = "HangfireDistribuido.Jobs", "HangfireDistribuido.Jobs\HangfireDistribuido.Jobs.csproj", "{2E87215E-D3A2-4C5F-B3CE-8C1C575E6F4A}"
EndProject
Project("{FAE04EC0-301F-11D3-BF4B-00C04F79EFBC}") = "HangfireDistribuido.WebClient1", "HangfireDistribuido.WebClient1\HangfireDistribuido.WebClient1.csproj", "{E640CF8F-65E3-44E4-A6C9-14B25BFFC0FB}"
EndProject
Global
	GlobalSection(SolutionConfigurationPlatforms) = preSolution
		Debug|Any CPU = Debug|Any CPU
		Release|Any CPU = Release|Any CPU
	EndGlobalSection
	GlobalSection(ProjectConfigurationPlatforms) = postSolution
		{AD8B5EB6-B3F6-402D-9EFF-C85AB820D928}.Debug|Any CPU.ActiveCfg = Debug|Any CPU
		{AD8B5EB6-B3F6-402D-9EFF-C85AB820D928}.Debug|Any CPU.Build.0 = Debug|Any CPU
		{AD8B5EB6-B3F6-402D-9EFF-C85AB820D928}.Release|Any CPU.ActiveCfg = Release|Any CPU
		{AD8B5EB6-B3F6-402D-9EFF-C85AB820D928}.Release|Any CPU.Build.0 = Release|Any CPU
		{2E87215E-D3A2-4C5F-B3CE-8C1C575E6F4A}.Debug|Any CPU.ActiveCfg = Debug|Any CPU
		{2E87215E-D3A2-4C5F-B3CE-8C1C575E6F4A}.Debug|Any CPU.Build.0 = Debug|Any CPU
		{2E87215E-D3A2-4C5F-B3CE-8C1C575E6F4A}.Release|Any CPU.ActiveCfg = Release|Any CPU
		{2E87215E-D3A2-4C5F-B3CE-8C1C575E6F4A}.Release|Any CPU.Build.0 = Release|Any CPU
		{E640CF8F-65E3-44E4-A6C9-14B25BFFC0FB}.Debug|Any CPU.ActiveCfg = Debug|Any CPU
		{E640CF8F-65E3-44E4-A6C9-14B25BFFC0FB}.Debug|Any CPU.Build.0 = Debug|Any CPU
		{E640CF8F-65E3-44E4-A6C9-14B25BFFC0FB}.Release|Any CPU.ActiveCfg = Release|Any CPU
		{E640CF8F-65E3-44E4-A6C9-14B25BFFC0FB}.Release|Any CPU.Build.0 = Release|Any CPU
	EndGlobalSection
	GlobalSection(SolutionProperties) = preSolution
		HideSolutionNode = FALSE
	EndGlobalSection
	GlobalSection(ExtensibilityGlobals) = postSolution
		SolutionGuid = {3863D31B-5E2B-4358-B035-730E4F9F0005}
	EndGlobalSection
EndGlobal
